// !$*UTF8*$!
{
	archiveVersion = 1;
	classes = {
	};
	objectVersion = 77;
	objects = {

/* Begin PBXBuildFile section */
		01C5AA9BD6F4C0823A324194 /* SettingsView.swift in Sources */ = {isa = PBXBuildFile; fileRef = 8D68E1B22F6633BA12A90545 /* SettingsView.swift */; };
		03A3AF701474977398790AA6 /* ChatView.swift in Sources */ = {isa = PBXBuildFile; fileRef = EA5163E146981BFA10057E46 /* ChatView.swift */; };
		04A7C29DA16524A6206C4CE6 /* ChatViewModelPersistenceTests.swift in Sources */ = {isa = PBXBuildFile; fileRef = 1E0A2225A6C6EDBB50BA8EC2 /* ChatViewModelPersistenceTests.swift */; };
		071C4FF7811BDB62483DDD23 /* MemoryEditSheet.swift in Sources */ = {isa = PBXBuildFile; fileRef = 05FE87B50355997F4F89507D /* MemoryEditSheet.swift */; };
		08254E655C4E1BF9388FCC6A /* ModelStoreViewModel.swift in Sources */ = {isa = PBXBuildFile; fileRef = 23FA0F0505A852036347ADD6 /* ModelStoreViewModel.swift */; };
		0BE4B41958A063A6C03F361B /* LocalModel.swift in Sources */ = {isa = PBXBuildFile; fileRef = CE68C23BD50C2CE6816C8530 /* LocalModel.swift */; };
		113B66D2FA42EE2D775C50EF /* ChatSettingsSheet.swift in Sources */ = {isa = PBXBuildFile; fileRef = 41AC4C60DF7E5535303E6452 /* ChatSettingsSheet.swift */; };
		13BCF566B384257B26B019B3 /* SharedModelInfo.swift in Sources */ = {isa = PBXBuildFile; fileRef = 9D85805E3D380661427244EB /* SharedModelInfo.swift */; };
		14E94DB37B49BAED67DCEAA7 /* DocumentDetailView.swift in Sources */ = {isa = PBXBuildFile; fileRef = D9B42E2F08E2C9CC73214C8F /* DocumentDetailView.swift */; };
		155F299FF7740D656A56B321 /* FeaturedModel.swift in Sources */ = {isa = PBXBuildFile; fileRef = 373240DBA631EE03834240EE /* FeaturedModel.swift */; };
		17C2529672146A86D835ACAB /* ContentView.swift in Sources */ = {isa = PBXBuildFile; fileRef = 405D1CA44865EBE10F089668 /* ContentView.swift */; };
		17EBD3FB2F95D63E76A21C3F /* MemorySelectorService.swift in Sources */ = {isa = PBXBuildFile; fileRef = 19EA73B00FF0D2E64492C2F6 /* MemorySelectorService.swift */; };
		20678580AC3CF4F960C0EF6C /* Document.swift in Sources */ = {isa = PBXBuildFile; fileRef = 8EA9A17825EBCC47C4EE3D09 /* Document.swift */; };
		277EC11BB99B21DB654150CC /* FeaturedModels.json in Resources */ = {isa = PBXBuildFile; fileRef = 7FA5D99754391A1FBEBEECBE /* FeaturedModels.json */; };
		2C907C7396B9C17E1E17B1D7 /* ShareView.swift in Sources */ = {isa = PBXBuildFile; fileRef = 36D7A6B104010F923B7AB439 /* ShareView.swift */; };
		2DD66AD82F61D4C10754D647 /* ShareViewController.swift in Sources */ = {isa = PBXBuildFile; fileRef = 17591C8661B8C4D1FDF88DE6 /* ShareViewController.swift */; };
		2E72E749941AF06D4AE14798 /* HFModelInfo.swift in Sources */ = {isa = PBXBuildFile; fileRef = 4D9CB851129C2E57E58FF870 /* HFModelInfo.swift */; };
		2F42A8BBB24DA42161180453 /* IntentInferenceHelper.swift in Sources */ = {isa = PBXBuildFile; fileRef = EDB65F51015E640BC7FB01B1 /* IntentInferenceHelper.swift */; };
		34D96B95583163C41CC83B2D /* PreviewData.swift in Sources */ = {isa = PBXBuildFile; fileRef = 1E25E2D8EA8D4E4C2937D929 /* PreviewData.swift */; };
		34DE6529D88B5B3652F10D74 /* MemoryRow.swift in Sources */ = {isa = PBXBuildFile; fileRef = CBE1CAD7AFB6CE861E47D536 /* MemoryRow.swift */; };
		3EAFF404AA53A5508DD02E35 /* TranslateTextIntent.swift in Sources */ = {isa = PBXBuildFile; fileRef = 3D6DEA772E16322B603B8309 /* TranslateTextIntent.swift */; };
		3EC1B05C4AAF3F0C5AC05A30 /* ThermalMonitor.swift in Sources */ = {isa = PBXBuildFile; fileRef = 99C3075948717C3F9278DAD5 /* ThermalMonitor.swift */; };
		3ECF7975DBD75B903E5EB857 /* Message.swift in Sources */ = {isa = PBXBuildFile; fileRef = 005D99CFD00EACE9FC742BC6 /* Message.swift */; };
		4155E70AF69B2FC128572BEE /* DocumentPickerSheet.swift in Sources */ = {isa = PBXBuildFile; fileRef = F61D6E2E7D7848264E97EC54 /* DocumentPickerSheet.swift */; };
		43E8C3AD80BD3EB342DA7AC1 /* MemorySelectorServiceTests.swift in Sources */ = {isa = PBXBuildFile; fileRef = D99C045015037CE756F3BEB1 /* MemorySelectorServiceTests.swift */; };
		622062D7C8B261390A04FBA9 /* AppGroupConstants.swift in Sources */ = {isa = PBXBuildFile; fileRef = 943464BE9F3E3817391F7A53 /* AppGroupConstants.swift */; };
		639A044C1753FF1410811004 /* SharedRequestHandler.swift in Sources */ = {isa = PBXBuildFile; fileRef = BE7974F4AB6E5FD1F7020ACC /* SharedRequestHandler.swift */; };
		6B2EF1314D0BBFCCBB7D062F /* DocumentsView.swift in Sources */ = {isa = PBXBuildFile; fileRef = A29FD89E362F558F41CEC691 /* DocumentsView.swift */; };
		6B996D420BF5178D6ABC0AAF /* SharedInferenceRequest.swift in Sources */ = {isa = PBXBuildFile; fileRef = 1B660F2E8E97C928DD84ED71 /* SharedInferenceRequest.swift */; };
		7280A7DA56145162F0020879 /* MemoryModelTests.swift in Sources */ = {isa = PBXBuildFile; fileRef = 32EC660DF7C4A749B0451F65 /* MemoryModelTests.swift */; };
		72A3D422293A97DA1D59BBE0 /* ChunkSelectorService.swift in Sources */ = {isa = PBXBuildFile; fileRef = BEA0B5195965A7A2E274B23A /* ChunkSelectorService.swift */; };
		73CE4807A74F2AD7AC5B03A0 /* MessageBubble.swift in Sources */ = {isa = PBXBuildFile; fileRef = C988D7AB8665E8A6DFE87363 /* MessageBubble.swift */; };
		7651BC5F24C30D0D44C48067 /* Conversation.swift in Sources */ = {isa = PBXBuildFile; fileRef = 5E60EC72A2F0D58CA567D91D /* Conversation.swift */; };
		78CA7BCF236B2498F77B7031 /* InferenceConfiguration.swift in Sources */ = {isa = PBXBuildFile; fileRef = E1307661B3414B71F26366B8 /* InferenceConfiguration.swift */; };
		79EE522BA45829CEC1AC73EB /* SharedTypesTests.swift in Sources */ = {isa = PBXBuildFile; fileRef = 9FCE4215B2189C14F0DC7EB8 /* SharedTypesTests.swift */; };
		80380C505B03C4BF206F41EB /* LlamaCpp in Frameworks */ = {isa = PBXBuildFile; productRef = 245B624756E2589153690CEC /* LlamaCpp */; };
		80B7CA2CFD0017FD15878CE4 /* ModelStoreView.swift in Sources */ = {isa = PBXBuildFile; fileRef = 315875C2BEE8F04B1653AEA1 /* ModelStoreView.swift */; };
		8747ADDE6914933ED42C70A5 /* Constants.swift in Sources */ = {isa = PBXBuildFile; fileRef = B6B5F72E3F69C00CEDE45E8C /* Constants.swift */; };
		8A5B36588755EFFB4BEA89EF /* HuggingFaceTests.swift in Sources */ = {isa = PBXBuildFile; fileRef = C31143EB8502183C8C805EDD /* HuggingFaceTests.swift */; };
		8A78CB0370790965C3B33F2D /* HuggingFaceAPI.swift in Sources */ = {isa = PBXBuildFile; fileRef = B1A6F0DD2CF3C5F44E0C0190 /* HuggingFaceAPI.swift */; };
		8B1AC9BF9971F0C7BF7BBB9E /* DocumentChunk.swift in Sources */ = {isa = PBXBuildFile; fileRef = D7F08D71E4F9007C80ACDFD4 /* DocumentChunk.swift */; };
		910A8C1FFD6C00FCB79D6E0D /* SwiftDataCascadeTests.swift in Sources */ = {isa = PBXBuildFile; fileRef = 8DD6808C0B4D60CE08267A51 /* SwiftDataCascadeTests.swift */; };
		94D339C97159BD1FE1910F02 /* DownloadState.swift in Sources */ = {isa = PBXBuildFile; fileRef = 1276338C3C40E6E21B3AF5F5 /* DownloadState.swift */; };
		988A1466A3BB010F3686F065 /* HearthAIApp.swift in Sources */ = {isa = PBXBuildFile; fileRef = E903921FAA09285C7EC06626 /* HearthAIApp.swift */; };
		9DBDB26696C27EDB37990992 /* DeviceCapabilityEdgeTests.swift in Sources */ = {isa = PBXBuildFile; fileRef = E0E39895107391568ACB967A /* DeviceCapabilityEdgeTests.swift */; };
		9EDD96041CECAA3AA994992D /* AppGroupConstants.swift in Sources */ = {isa = PBXBuildFile; fileRef = 943464BE9F3E3817391F7A53 /* AppGroupConstants.swift */; };
		A63768214BABE2B98203900A /* FeaturedModelDetailView.swift in Sources */ = {isa = PBXBuildFile; fileRef = C845EBC43D03C4AAB4C3E312 /* FeaturedModelDetailView.swift */; };
		A6E9B6197D48DAC4014311FB /* Assets.xcassets in Resources */ = {isa = PBXBuildFile; fileRef = 1EA4C3783A128CC1C2D30817 /* Assets.xcassets */; };
		A8F8386F0CC30F0FDEB0FA60 /* ModelPickerSheet.swift in Sources */ = {isa = PBXBuildFile; fileRef = C9160C707541C1A6967F91F9 /* ModelPickerSheet.swift */; };
		ACC1BA53A960391E7964E7A6 /* TextExtractorService.swift in Sources */ = {isa = PBXBuildFile; fileRef = FAE5B7A251D3B6378AB662EA /* TextExtractorService.swift */; };
		B11413DBB7BF1AFF9AE57E1D /* HearthAIShareExtension.appex in Embed Foundation Extensions */ = {isa = PBXBuildFile; fileRef = 05AEAAA0F63913A403034097 /* HearthAIShareExtension.appex */; settings = {ATTRIBUTES = (RemoveHeadersOnCopy, ); }; };
		B2AF8B80B10D5264076FAD20 /* SummarizeTextIntent.swift in Sources */ = {isa = PBXBuildFile; fileRef = 9392A7DF7A43402CED188B49 /* SummarizeTextIntent.swift */; };
		B978D5031CC9F31BB9590F6B /* LibraryView.swift in Sources */ = {isa = PBXBuildFile; fileRef = 46AE8CED565F05123B55EE96 /* LibraryView.swift */; };
		BC87F36961BE0BED3EAA6D7C /* SharedInferenceRequest.swift in Sources */ = {isa = PBXBuildFile; fileRef = 1B660F2E8E97C928DD84ED71 /* SharedInferenceRequest.swift */; };
		C1864805E1FA7225AEF232C6 /* ChunkSelectorServiceTests.swift in Sources */ = {isa = PBXBuildFile; fileRef = 2ED6A6FA7704A2242A250446 /* ChunkSelectorServiceTests.swift */; };
		C23EDD8253AC5BFB0D8D060A /* ConversationListView.swift in Sources */ = {isa = PBXBuildFile; fileRef = 79397D1BF9F8D57724511993 /* ConversationListView.swift */; };
		C7F2A3D0417981686B4E3052 /* AppState.swift in Sources */ = {isa = PBXBuildFile; fileRef = 397BD3F6A93E6069059BBBBF /* AppState.swift */; };
		C8F1F74159FBEA232A3ADA84 /* SharedModelInfo.swift in Sources */ = {isa = PBXBuildFile; fileRef = 9D85805E3D380661427244EB /* SharedModelInfo.swift */; };
		CBB8F9486DF5B9A8F6F350A7 /* DeviceCapability.swift in Sources */ = {isa = PBXBuildFile; fileRef = 79297A2500C2BFE5F893531F /* DeviceCapability.swift */; };
		CD0AD408F006860CB7F0C3E9 /* ChunkingServiceTests.swift in Sources */ = {isa = PBXBuildFile; fileRef = 333A57D575AEC2A67BA09B2A /* ChunkingServiceTests.swift */; };
		CDB4579A512B12F942C6E768 /* ModelDetailView.swift in Sources */ = {isa = PBXBuildFile; fileRef = 31D180D8E597FDFD2F857CFD /* ModelDetailView.swift */; };
		CE92A1FB39AD10CF859706C5 /* TestModelContainer.swift in Sources */ = {isa = PBXBuildFile; fileRef = E80C3E2B605DDA7CD3DF5A1E /* TestModelContainer.swift */; };
		DFE0909D9533627F1E418FED /* DownloadServiceTests.swift in Sources */ = {isa = PBXBuildFile; fileRef = 05B7417DFD3FFE4FD4E79869 /* DownloadServiceTests.swift */; };
		E2C2286EA5EE4654FEDBAB13 /* HearthShortcutsProvider.swift in Sources */ = {isa = PBXBuildFile; fileRef = FE3F54443400BD54DD98CF88 /* HearthShortcutsProvider.swift */; };
		E54D3B77567891D761E4A4F1 /* SharedModelSync.swift in Sources */ = {isa = PBXBuildFile; fileRef = 478341E3D3B3E805B83AB5FF /* SharedModelSync.swift */; };
		E6C9FE639A22FB4521592256 /* DocumentImportViewModel.swift in Sources */ = {isa = PBXBuildFile; fileRef = 72772F3930C5C52045689935 /* DocumentImportViewModel.swift */; };
		E8354755DBAA1A2A0F044B65 /* DocumentModelTests.swift in Sources */ = {isa = PBXBuildFile; fileRef = B8173BBECC60148FA3A873AB /* DocumentModelTests.swift */; };
		EDCB9DFEFD505357908BDAE4 /* SharedRequestView.swift in Sources */ = {isa = PBXBuildFile; fileRef = E997B6BE59E4E66F8A2A619B /* SharedRequestView.swift */; };
		EF385FE0755585B7C27D956B /* RewriteTextIntent.swift in Sources */ = {isa = PBXBuildFile; fileRef = F188207F9C44341F0DC70E52 /* RewriteTextIntent.swift */; };
		F09B9F855596430552F5A8FE /* ChatViewModel.swift in Sources */ = {isa = PBXBuildFile; fileRef = 890BDB102F2FE40261F5A508 /* ChatViewModel.swift */; };
		F1240C78CDDD04082769B9BE /* Memory.swift in Sources */ = {isa = PBXBuildFile; fileRef = C27B28A89EB7B5A93FBC1784 /* Memory.swift */; };
		F1A7D42C5A0E220569D7EB2B /* ChunkingService.swift in Sources */ = {isa = PBXBuildFile; fileRef = AE84EAC9AB368993AFA36E7E /* ChunkingService.swift */; };
		F1AD3F2C8048B14FC787BF4D /* FileManager+AppSupport.swift in Sources */ = {isa = PBXBuildFile; fileRef = CD7FB411EA3CC770171848E7 /* FileManager+AppSupport.swift */; };
		F25378990BEE3F1FCACD6897 /* AskHearthIntent.swift in Sources */ = {isa = PBXBuildFile; fileRef = 9C82B65ABF1D3EFF7D91BF28 /* AskHearthIntent.swift */; };
		F4BA58A56B53AC4EECD46AE7 /* MemoryView.swift in Sources */ = {isa = PBXBuildFile; fileRef = B207D6BD423EEED318283732 /* MemoryView.swift */; };
		F6D7E75B6E97C47D01634F4B /* InferenceService.swift in Sources */ = {isa = PBXBuildFile; fileRef = 0D431ED0C8BB31AC0B5AA80D /* InferenceService.swift */; };
		FBCDD5E2C9BE19B4CC6637CD /* LocalModelEntity.swift in Sources */ = {isa = PBXBuildFile; fileRef = 29FE3C51741B039227B6DE50 /* LocalModelEntity.swift */; };
		FDF5740963252281A3030A24 /* HearthAITests.swift in Sources */ = {isa = PBXBuildFile; fileRef = 29482A421FB1811401D6034E /* HearthAITests.swift */; };
		FF28A34B4C8D7ACEBC31AEBA /* DownloadService.swift in Sources */ = {isa = PBXBuildFile; fileRef = 4B9017344B1655F30D083ABC /* DownloadService.swift */; };
/* End PBXBuildFile section */

/* Begin PBXContainerItemProxy section */
		3ABE45C04DCD360A17E63D19 /* PBXContainerItemProxy */ = {
			isa = PBXContainerItemProxy;
			containerPortal = FC1F341632279B630DF70468 /* Project object */;
			proxyType = 1;
			remoteGlobalIDString = 45992FD008C054DABF552FDB;
			remoteInfo = HearthAI;
		};
		EA5F795548328D7C427B7825 /* PBXContainerItemProxy */ = {
			isa = PBXContainerItemProxy;
			containerPortal = FC1F341632279B630DF70468 /* Project object */;
			proxyType = 1;
			remoteGlobalIDString = D0B9BCFF62EBC45BDE0236F8;
			remoteInfo = HearthAIShareExtension;
		};
/* End PBXContainerItemProxy section */

/* Begin PBXCopyFilesBuildPhase section */
		B162EEF01B2EBF285CC7D271 /* Embed Foundation Extensions */ = {
			isa = PBXCopyFilesBuildPhase;
			buildActionMask = 2147483647;
			dstPath = "";
			dstSubfolderSpec = 13;
			files = (
				B11413DBB7BF1AFF9AE57E1D /* HearthAIShareExtension.appex in Embed Foundation Extensions */,
			);
			name = "Embed Foundation Extensions";
			runOnlyForDeploymentPostprocessing = 0;
		};
/* End PBXCopyFilesBuildPhase section */

/* Begin PBXFileReference section */
		005D99CFD00EACE9FC742BC6 /* Message.swift */ = {isa = PBXFileReference; lastKnownFileType = sourcecode.swift; path = Message.swift; sourceTree = "<group>"; };
		05AEAAA0F63913A403034097 /* HearthAIShareExtension.appex */ = {isa = PBXFileReference; includeInIndex = 0; lastKnownFileType = "wrapper.app-extension"; path = HearthAIShareExtension.appex; sourceTree = BUILT_PRODUCTS_DIR; };
		05B7417DFD3FFE4FD4E79869 /* DownloadServiceTests.swift */ = {isa = PBXFileReference; lastKnownFileType = sourcecode.swift; path = DownloadServiceTests.swift; sourceTree = "<group>"; };
		05FE87B50355997F4F89507D /* MemoryEditSheet.swift */ = {isa = PBXFileReference; lastKnownFileType = sourcecode.swift; path = MemoryEditSheet.swift; sourceTree = "<group>"; };
		0D431ED0C8BB31AC0B5AA80D /* InferenceService.swift */ = {isa = PBXFileReference; lastKnownFileType = sourcecode.swift; path = InferenceService.swift; sourceTree = "<group>"; };
		1276338C3C40E6E21B3AF5F5 /* DownloadState.swift */ = {isa = PBXFileReference; lastKnownFileType = sourcecode.swift; path = DownloadState.swift; sourceTree = "<group>"; };
		17591C8661B8C4D1FDF88DE6 /* ShareViewController.swift */ = {isa = PBXFileReference; lastKnownFileType = sourcecode.swift; path = ShareViewController.swift; sourceTree = "<group>"; };
		19EA73B00FF0D2E64492C2F6 /* MemorySelectorService.swift */ = {isa = PBXFileReference; lastKnownFileType = sourcecode.swift; path = MemorySelectorService.swift; sourceTree = "<group>"; };
		1B660F2E8E97C928DD84ED71 /* SharedInferenceRequest.swift */ = {isa = PBXFileReference; lastKnownFileType = sourcecode.swift; path = SharedInferenceRequest.swift; sourceTree = "<group>"; };
		1E0A2225A6C6EDBB50BA8EC2 /* ChatViewModelPersistenceTests.swift */ = {isa = PBXFileReference; lastKnownFileType = sourcecode.swift; path = ChatViewModelPersistenceTests.swift; sourceTree = "<group>"; };
		1E25E2D8EA8D4E4C2937D929 /* PreviewData.swift */ = {isa = PBXFileReference; lastKnownFileType = sourcecode.swift; path = PreviewData.swift; sourceTree = "<group>"; };
		1EA4C3783A128CC1C2D30817 /* Assets.xcassets */ = {isa = PBXFileReference; lastKnownFileType = folder.assetcatalog; path = Assets.xcassets; sourceTree = "<group>"; };
		23FA0F0505A852036347ADD6 /* ModelStoreViewModel.swift */ = {isa = PBXFileReference; lastKnownFileType = sourcecode.swift; path = ModelStoreViewModel.swift; sourceTree = "<group>"; };
		29482A421FB1811401D6034E /* HearthAITests.swift */ = {isa = PBXFileReference; lastKnownFileType = sourcecode.swift; path = HearthAITests.swift; sourceTree = "<group>"; };
		29FE3C51741B039227B6DE50 /* LocalModelEntity.swift */ = {isa = PBXFileReference; lastKnownFileType = sourcecode.swift; path = LocalModelEntity.swift; sourceTree = "<group>"; };
		2ED6A6FA7704A2242A250446 /* ChunkSelectorServiceTests.swift */ = {isa = PBXFileReference; lastKnownFileType = sourcecode.swift; path = ChunkSelectorServiceTests.swift; sourceTree = "<group>"; };
		315875C2BEE8F04B1653AEA1 /* ModelStoreView.swift */ = {isa = PBXFileReference; lastKnownFileType = sourcecode.swift; path = ModelStoreView.swift; sourceTree = "<group>"; };
		31D180D8E597FDFD2F857CFD /* ModelDetailView.swift */ = {isa = PBXFileReference; lastKnownFileType = sourcecode.swift; path = ModelDetailView.swift; sourceTree = "<group>"; };
		32EC660DF7C4A749B0451F65 /* MemoryModelTests.swift */ = {isa = PBXFileReference; lastKnownFileType = sourcecode.swift; path = MemoryModelTests.swift; sourceTree = "<group>"; };
		3308EA296BE9611CEE76B736 /* HearthAITests.xctest */ = {isa = PBXFileReference; includeInIndex = 0; lastKnownFileType = wrapper.cfbundle; path = HearthAITests.xctest; sourceTree = BUILT_PRODUCTS_DIR; };
		333A57D575AEC2A67BA09B2A /* ChunkingServiceTests.swift */ = {isa = PBXFileReference; lastKnownFileType = sourcecode.swift; path = ChunkingServiceTests.swift; sourceTree = "<group>"; };
		36D7A6B104010F923B7AB439 /* ShareView.swift */ = {isa = PBXFileReference; lastKnownFileType = sourcecode.swift; path = ShareView.swift; sourceTree = "<group>"; };
		373240DBA631EE03834240EE /* FeaturedModel.swift */ = {isa = PBXFileReference; lastKnownFileType = sourcecode.swift; path = FeaturedModel.swift; sourceTree = "<group>"; };
		397BD3F6A93E6069059BBBBF /* AppState.swift */ = {isa = PBXFileReference; lastKnownFileType = sourcecode.swift; path = AppState.swift; sourceTree = "<group>"; };
		3D6DEA772E16322B603B8309 /* TranslateTextIntent.swift */ = {isa = PBXFileReference; lastKnownFileType = sourcecode.swift; path = TranslateTextIntent.swift; sourceTree = "<group>"; };
		405D1CA44865EBE10F089668 /* ContentView.swift */ = {isa = PBXFileReference; lastKnownFileType = sourcecode.swift; path = ContentView.swift; sourceTree = "<group>"; };
		41AC4C60DF7E5535303E6452 /* ChatSettingsSheet.swift */ = {isa = PBXFileReference; lastKnownFileType = sourcecode.swift; path = ChatSettingsSheet.swift; sourceTree = "<group>"; };
		46AE8CED565F05123B55EE96 /* LibraryView.swift */ = {isa = PBXFileReference; lastKnownFileType = sourcecode.swift; path = LibraryView.swift; sourceTree = "<group>"; };
		478341E3D3B3E805B83AB5FF /* SharedModelSync.swift */ = {isa = PBXFileReference; lastKnownFileType = sourcecode.swift; path = SharedModelSync.swift; sourceTree = "<group>"; };
		4AC1AD17032130213D443768 /* HearthAIShareExtension.entitlements */ = {isa = PBXFileReference; lastKnownFileType = text.plist.entitlements; path = HearthAIShareExtension.entitlements; sourceTree = "<group>"; };
		4B9017344B1655F30D083ABC /* DownloadService.swift */ = {isa = PBXFileReference; lastKnownFileType = sourcecode.swift; path = DownloadService.swift; sourceTree = "<group>"; };
		4C92F5072BD6A923F4414F66 /* HearthAI.entitlements */ = {isa = PBXFileReference; lastKnownFileType = text.plist.entitlements; path = HearthAI.entitlements; sourceTree = "<group>"; };
		4D21045F4D81AD9F0E6874C6 /* LlamaCpp */ = {isa = PBXFileReference; lastKnownFileType = folder; name = LlamaCpp; path = Packages/LlamaCpp; sourceTree = SOURCE_ROOT; };
		4D9CB851129C2E57E58FF870 /* HFModelInfo.swift */ = {isa = PBXFileReference; lastKnownFileType = sourcecode.swift; path = HFModelInfo.swift; sourceTree = "<group>"; };
		5D1D6195ED7695130A8D335C /* HearthAI.app */ = {isa = PBXFileReference; includeInIndex = 0; lastKnownFileType = wrapper.application; path = HearthAI.app; sourceTree = BUILT_PRODUCTS_DIR; };
		5E60EC72A2F0D58CA567D91D /* Conversation.swift */ = {isa = PBXFileReference; lastKnownFileType = sourcecode.swift; path = Conversation.swift; sourceTree = "<group>"; };
		72772F3930C5C52045689935 /* DocumentImportViewModel.swift */ = {isa = PBXFileReference; lastKnownFileType = sourcecode.swift; path = DocumentImportViewModel.swift; sourceTree = "<group>"; };
		79297A2500C2BFE5F893531F /* DeviceCapability.swift */ = {isa = PBXFileReference; lastKnownFileType = sourcecode.swift; path = DeviceCapability.swift; sourceTree = "<group>"; };
		79397D1BF9F8D57724511993 /* ConversationListView.swift */ = {isa = PBXFileReference; lastKnownFileType = sourcecode.swift; path = ConversationListView.swift; sourceTree = "<group>"; };
		7FA5D99754391A1FBEBEECBE /* FeaturedModels.json */ = {isa = PBXFileReference; lastKnownFileType = text.json; path = FeaturedModels.json; sourceTree = "<group>"; };
		7FF55648803BB0ABE6BFB53B /* Info.plist */ = {isa = PBXFileReference; lastKnownFileType = text.plist; path = Info.plist; sourceTree = "<group>"; };
		890BDB102F2FE40261F5A508 /* ChatViewModel.swift */ = {isa = PBXFileReference; lastKnownFileType = sourcecode.swift; path = ChatViewModel.swift; sourceTree = "<group>"; };
		8D68E1B22F6633BA12A90545 /* SettingsView.swift */ = {isa = PBXFileReference; lastKnownFileType = sourcecode.swift; path = SettingsView.swift; sourceTree = "<group>"; };
		8DD6808C0B4D60CE08267A51 /* SwiftDataCascadeTests.swift */ = {isa = PBXFileReference; lastKnownFileType = sourcecode.swift; path = SwiftDataCascadeTests.swift; sourceTree = "<group>"; };
		8EA9A17825EBCC47C4EE3D09 /* Document.swift */ = {isa = PBXFileReference; lastKnownFileType = sourcecode.swift; path = Document.swift; sourceTree = "<group>"; };
		9392A7DF7A43402CED188B49 /* SummarizeTextIntent.swift */ = {isa = PBXFileReference; lastKnownFileType = sourcecode.swift; path = SummarizeTextIntent.swift; sourceTree = "<group>"; };
		943464BE9F3E3817391F7A53 /* AppGroupConstants.swift */ = {isa = PBXFileReference; lastKnownFileType = sourcecode.swift; path = AppGroupConstants.swift; sourceTree = "<group>"; };
		99C3075948717C3F9278DAD5 /* ThermalMonitor.swift */ = {isa = PBXFileReference; lastKnownFileType = sourcecode.swift; path = ThermalMonitor.swift; sourceTree = "<group>"; };
		9C82B65ABF1D3EFF7D91BF28 /* AskHearthIntent.swift */ = {isa = PBXFileReference; lastKnownFileType = sourcecode.swift; path = AskHearthIntent.swift; sourceTree = "<group>"; };
		9D85805E3D380661427244EB /* SharedModelInfo.swift */ = {isa = PBXFileReference; lastKnownFileType = sourcecode.swift; path = SharedModelInfo.swift; sourceTree = "<group>"; };
		9FCE4215B2189C14F0DC7EB8 /* SharedTypesTests.swift */ = {isa = PBXFileReference; lastKnownFileType = sourcecode.swift; path = SharedTypesTests.swift; sourceTree = "<group>"; };
		A29FD89E362F558F41CEC691 /* DocumentsView.swift */ = {isa = PBXFileReference; lastKnownFileType = sourcecode.swift; path = DocumentsView.swift; sourceTree = "<group>"; };
		AE84EAC9AB368993AFA36E7E /* ChunkingService.swift */ = {isa = PBXFileReference; lastKnownFileType = sourcecode.swift; path = ChunkingService.swift; sourceTree = "<group>"; };
		B1A6F0DD2CF3C5F44E0C0190 /* HuggingFaceAPI.swift */ = {isa = PBXFileReference; lastKnownFileType = sourcecode.swift; path = HuggingFaceAPI.swift; sourceTree = "<group>"; };
		B207D6BD423EEED318283732 /* MemoryView.swift */ = {isa = PBXFileReference; lastKnownFileType = sourcecode.swift; path = MemoryView.swift; sourceTree = "<group>"; };
		B6B5F72E3F69C00CEDE45E8C /* Constants.swift */ = {isa = PBXFileReference; lastKnownFileType = sourcecode.swift; path = Constants.swift; sourceTree = "<group>"; };
		B8173BBECC60148FA3A873AB /* DocumentModelTests.swift */ = {isa = PBXFileReference; lastKnownFileType = sourcecode.swift; path = DocumentModelTests.swift; sourceTree = "<group>"; };
		BE7974F4AB6E5FD1F7020ACC /* SharedRequestHandler.swift */ = {isa = PBXFileReference; lastKnownFileType = sourcecode.swift; path = SharedRequestHandler.swift; sourceTree = "<group>"; };
		BEA0B5195965A7A2E274B23A /* ChunkSelectorService.swift */ = {isa = PBXFileReference; lastKnownFileType = sourcecode.swift; path = ChunkSelectorService.swift; sourceTree = "<group>"; };
		C27B28A89EB7B5A93FBC1784 /* Memory.swift */ = {isa = PBXFileReference; lastKnownFileType = sourcecode.swift; path = Memory.swift; sourceTree = "<group>"; };
		C31143EB8502183C8C805EDD /* HuggingFaceTests.swift */ = {isa = PBXFileReference; lastKnownFileType = sourcecode.swift; path = HuggingFaceTests.swift; sourceTree = "<group>"; };
		C845EBC43D03C4AAB4C3E312 /* FeaturedModelDetailView.swift */ = {isa = PBXFileReference; lastKnownFileType = sourcecode.swift; path = FeaturedModelDetailView.swift; sourceTree = "<group>"; };
		C9160C707541C1A6967F91F9 /* ModelPickerSheet.swift */ = {isa = PBXFileReference; lastKnownFileType = sourcecode.swift; path = ModelPickerSheet.swift; sourceTree = "<group>"; };
		C988D7AB8665E8A6DFE87363 /* MessageBubble.swift */ = {isa = PBXFileReference; lastKnownFileType = sourcecode.swift; path = MessageBubble.swift; sourceTree = "<group>"; };
		CBE1CAD7AFB6CE861E47D536 /* MemoryRow.swift */ = {isa = PBXFileReference; lastKnownFileType = sourcecode.swift; path = MemoryRow.swift; sourceTree = "<group>"; };
		CD7FB411EA3CC770171848E7 /* FileManager+AppSupport.swift */ = {isa = PBXFileReference; lastKnownFileType = sourcecode.swift; path = "FileManager+AppSupport.swift"; sourceTree = "<group>"; };
		CE68C23BD50C2CE6816C8530 /* LocalModel.swift */ = {isa = PBXFileReference; lastKnownFileType = sourcecode.swift; path = LocalModel.swift; sourceTree = "<group>"; };
		D7F08D71E4F9007C80ACDFD4 /* DocumentChunk.swift */ = {isa = PBXFileReference; lastKnownFileType = sourcecode.swift; path = DocumentChunk.swift; sourceTree = "<group>"; };
		D99C045015037CE756F3BEB1 /* MemorySelectorServiceTests.swift */ = {isa = PBXFileReference; lastKnownFileType = sourcecode.swift; path = MemorySelectorServiceTests.swift; sourceTree = "<group>"; };
		D9B42E2F08E2C9CC73214C8F /* DocumentDetailView.swift */ = {isa = PBXFileReference; lastKnownFileType = sourcecode.swift; path = DocumentDetailView.swift; sourceTree = "<group>"; };
		E0E39895107391568ACB967A /* DeviceCapabilityEdgeTests.swift */ = {isa = PBXFileReference; lastKnownFileType = sourcecode.swift; path = DeviceCapabilityEdgeTests.swift; sourceTree = "<group>"; };
		E1307661B3414B71F26366B8 /* InferenceConfiguration.swift */ = {isa = PBXFileReference; lastKnownFileType = sourcecode.swift; path = InferenceConfiguration.swift; sourceTree = "<group>"; };
		E80C3E2B605DDA7CD3DF5A1E /* TestModelContainer.swift */ = {isa = PBXFileReference; lastKnownFileType = sourcecode.swift; path = TestModelContainer.swift; sourceTree = "<group>"; };
		E84851650701F5B0FCE0EE06 /* Info.plist */ = {isa = PBXFileReference; lastKnownFileType = text.plist; path = Info.plist; sourceTree = "<group>"; };
		E903921FAA09285C7EC06626 /* HearthAIApp.swift */ = {isa = PBXFileReference; lastKnownFileType = sourcecode.swift; path = HearthAIApp.swift; sourceTree = "<group>"; };
		E997B6BE59E4E66F8A2A619B /* SharedRequestView.swift */ = {isa = PBXFileReference; lastKnownFileType = sourcecode.swift; path = SharedRequestView.swift; sourceTree = "<group>"; };
		EA5163E146981BFA10057E46 /* ChatView.swift */ = {isa = PBXFileReference; lastKnownFileType = sourcecode.swift; path = ChatView.swift; sourceTree = "<group>"; };
		EDB65F51015E640BC7FB01B1 /* IntentInferenceHelper.swift */ = {isa = PBXFileReference; lastKnownFileType = sourcecode.swift; path = IntentInferenceHelper.swift; sourceTree = "<group>"; };
		F188207F9C44341F0DC70E52 /* RewriteTextIntent.swift */ = {isa = PBXFileReference; lastKnownFileType = sourcecode.swift; path = RewriteTextIntent.swift; sourceTree = "<group>"; };
		F61D6E2E7D7848264E97EC54 /* DocumentPickerSheet.swift */ = {isa = PBXFileReference; lastKnownFileType = sourcecode.swift; path = DocumentPickerSheet.swift; sourceTree = "<group>"; };
		FAE5B7A251D3B6378AB662EA /* TextExtractorService.swift */ = {isa = PBXFileReference; lastKnownFileType = sourcecode.swift; path = TextExtractorService.swift; sourceTree = "<group>"; };
		FE3F54443400BD54DD98CF88 /* HearthShortcutsProvider.swift */ = {isa = PBXFileReference; lastKnownFileType = sourcecode.swift; path = HearthShortcutsProvider.swift; sourceTree = "<group>"; };
/* End PBXFileReference section */

/* Begin PBXFrameworksBuildPhase section */
		2D72A49A0638AC7D942AA221 /* Frameworks */ = {
			isa = PBXFrameworksBuildPhase;
			buildActionMask = 2147483647;
			files = (
				80380C505B03C4BF206F41EB /* LlamaCpp in Frameworks */,
			);
			runOnlyForDeploymentPostprocessing = 0;
		};
/* End PBXFrameworksBuildPhase section */

/* Begin PBXGroup section */
		00F89149905095BC15B06495 /* Inference */ = {
			isa = PBXGroup;
			children = (
				79297A2500C2BFE5F893531F /* DeviceCapability.swift */,
				E1307661B3414B71F26366B8 /* InferenceConfiguration.swift */,
				0D431ED0C8BB31AC0B5AA80D /* InferenceService.swift */,
			);
			path = Inference;
			sourceTree = "<group>";
		};
		1289453E93772036A32CB4B5 /* Documents */ = {
			isa = PBXGroup;
			children = (
				D9B42E2F08E2C9CC73214C8F /* DocumentDetailView.swift */,
				72772F3930C5C52045689935 /* DocumentImportViewModel.swift */,
				F61D6E2E7D7848264E97EC54 /* DocumentPickerSheet.swift */,
				A29FD89E362F558F41CEC691 /* DocumentsView.swift */,
			);
			path = Documents;
			sourceTree = "<group>";
		};
		17BC82A6EC84F776D1F486C6 /* Library */ = {
			isa = PBXGroup;
			children = (
				46AE8CED565F05123B55EE96 /* LibraryView.swift */,
			);
			path = Library;
			sourceTree = "<group>";
		};
		2045D264DD939D7B509CFB6E /* HearthAITests */ = {
			isa = PBXGroup;
			children = (
				1E0A2225A6C6EDBB50BA8EC2 /* ChatViewModelPersistenceTests.swift */,
				333A57D575AEC2A67BA09B2A /* ChunkingServiceTests.swift */,
				2ED6A6FA7704A2242A250446 /* ChunkSelectorServiceTests.swift */,
				E0E39895107391568ACB967A /* DeviceCapabilityEdgeTests.swift */,
				B8173BBECC60148FA3A873AB /* DocumentModelTests.swift */,
				05B7417DFD3FFE4FD4E79869 /* DownloadServiceTests.swift */,
				29482A421FB1811401D6034E /* HearthAITests.swift */,
				C31143EB8502183C8C805EDD /* HuggingFaceTests.swift */,
				32EC660DF7C4A749B0451F65 /* MemoryModelTests.swift */,
				D99C045015037CE756F3BEB1 /* MemorySelectorServiceTests.swift */,
				9FCE4215B2189C14F0DC7EB8 /* SharedTypesTests.swift */,
				8DD6808C0B4D60CE08267A51 /* SwiftDataCascadeTests.swift */,
				E80C3E2B605DDA7CD3DF5A1E /* TestModelContainer.swift */,
			);
			path = HearthAITests;
			sourceTree = "<group>";
		};
		2615F59D3B7C69AFD409EC88 /* Services */ = {
			isa = PBXGroup;
			children = (
				478341E3D3B3E805B83AB5FF /* SharedModelSync.swift */,
				2D89E90D424B5C90473230EA /* DocumentProcessing */,
				3F2C674A23C0DC92FA53DF35 /* Download */,
				2F0C272745E1A7BF756F96A4 /* HuggingFace */,
				00F89149905095BC15B06495 /* Inference */,
				6CD902807816F120E0FA4272 /* MemoryProcessing */,
				28D8FA9B112871ACFFA27659 /* Thermal */,
			);
			path = Services;
			sourceTree = "<group>";
		};
		28D8FA9B112871ACFFA27659 /* Thermal */ = {
			isa = PBXGroup;
			children = (
				99C3075948717C3F9278DAD5 /* ThermalMonitor.swift */,
			);
			path = Thermal;
			sourceTree = "<group>";
		};
		2C077274BF9C5CF9E507DDC6 /* HearthAI ShareExtension */ = {
			isa = PBXGroup;
			children = (
				4AC1AD17032130213D443768 /* HearthAIShareExtension.entitlements */,
				7FF55648803BB0ABE6BFB53B /* Info.plist */,
				36D7A6B104010F923B7AB439 /* ShareView.swift */,
				17591C8661B8C4D1FDF88DE6 /* ShareViewController.swift */,
			);
			path = "HearthAI ShareExtension";
			sourceTree = "<group>";
		};
		2D89E90D424B5C90473230EA /* DocumentProcessing */ = {
			isa = PBXGroup;
			children = (
				AE84EAC9AB368993AFA36E7E /* ChunkingService.swift */,
				BEA0B5195965A7A2E274B23A /* ChunkSelectorService.swift */,
				FAE5B7A251D3B6378AB662EA /* TextExtractorService.swift */,
			);
			path = DocumentProcessing;
			sourceTree = "<group>";
		};
		2F0C272745E1A7BF756F96A4 /* HuggingFace */ = {
			isa = PBXGroup;
			children = (
				373240DBA631EE03834240EE /* FeaturedModel.swift */,
				4D9CB851129C2E57E58FF870 /* HFModelInfo.swift */,
				B1A6F0DD2CF3C5F44E0C0190 /* HuggingFaceAPI.swift */,
			);
			path = HuggingFace;
			sourceTree = "<group>";
		};
		31B438CE7A75F716E8F1F209 /* Chat */ = {
			isa = PBXGroup;
			children = (
				41AC4C60DF7E5535303E6452 /* ChatSettingsSheet.swift */,
				EA5163E146981BFA10057E46 /* ChatView.swift */,
				890BDB102F2FE40261F5A508 /* ChatViewModel.swift */,
				79397D1BF9F8D57724511993 /* ConversationListView.swift */,
				C988D7AB8665E8A6DFE87363 /* MessageBubble.swift */,
				C9160C707541C1A6967F91F9 /* ModelPickerSheet.swift */,
			);
			path = Chat;
			sourceTree = "<group>";
		};
		33CCAC9D2E5F31E5537A8904 /* Memory */ = {
			isa = PBXGroup;
			children = (
				05FE87B50355997F4F89507D /* MemoryEditSheet.swift */,
				CBE1CAD7AFB6CE861E47D536 /* MemoryRow.swift */,
				B207D6BD423EEED318283732 /* MemoryView.swift */,
			);
			path = Memory;
			sourceTree = "<group>";
		};
		3F2C674A23C0DC92FA53DF35 /* Download */ = {
			isa = PBXGroup;
			children = (
				4B9017344B1655F30D083ABC /* DownloadService.swift */,
				1276338C3C40E6E21B3AF5F5 /* DownloadState.swift */,
			);
			path = Download;
			sourceTree = "<group>";
		};
		4621F5E7FFE74EB0509F1161 /* Extensions */ = {
			isa = PBXGroup;
			children = (
				CD7FB411EA3CC770171848E7 /* FileManager+AppSupport.swift */,
			);
			path = Extensions;
			sourceTree = "<group>";
		};
		58729933287768EDA5754626 /* Products */ = {
			isa = PBXGroup;
			children = (
				5D1D6195ED7695130A8D335C /* HearthAI.app */,
				05AEAAA0F63913A403034097 /* HearthAIShareExtension.appex */,
				3308EA296BE9611CEE76B736 /* HearthAITests.xctest */,
			);
			name = Products;
			sourceTree = "<group>";
		};
		682AD48FE2067003DD70B389 /* Shared */ = {
			isa = PBXGroup;
			children = (
				B6B5F72E3F69C00CEDE45E8C /* Constants.swift */,
				EEA5A2DF79DCB4D5C8DDB37B /* Components */,
				4621F5E7FFE74EB0509F1161 /* Extensions */,
				6D7B333EFE37E9C3FCABA99B /* SharedTypes */,
			);
			path = Shared;
			sourceTree = "<group>";
		};
		6CD902807816F120E0FA4272 /* MemoryProcessing */ = {
			isa = PBXGroup;
			children = (
				19EA73B00FF0D2E64492C2F6 /* MemorySelectorService.swift */,
			);
			path = MemoryProcessing;
			sourceTree = "<group>";
		};
		6D7B333EFE37E9C3FCABA99B /* SharedTypes */ = {
			isa = PBXGroup;
			children = (
				943464BE9F3E3817391F7A53 /* AppGroupConstants.swift */,
				1B660F2E8E97C928DD84ED71 /* SharedInferenceRequest.swift */,
				9D85805E3D380661427244EB /* SharedModelInfo.swift */,
			);
			path = SharedTypes;
			sourceTree = "<group>";
		};
		74345F7F3A5700DF2291083B /* Settings */ = {
			isa = PBXGroup;
			children = (
				8D68E1B22F6633BA12A90545 /* SettingsView.swift */,
			);
			path = Settings;
			sourceTree = "<group>";
		};
		75334D74F2BE4DC0AAB1E510 = {
			isa = PBXGroup;
			children = (
				BD03A9FA57357877BF3848E4 /* HearthAI */,
				2C077274BF9C5CF9E507DDC6 /* HearthAI ShareExtension */,
				2045D264DD939D7B509CFB6E /* HearthAITests */,
				C8270D864B0F5758AF99BE99 /* Packages */,
				58729933287768EDA5754626 /* Products */,
			);
			sourceTree = "<group>";
		};
		85B7E1C543C7C6B9F0A76450 /* AppIntents */ = {
			isa = PBXGroup;
			children = (
				9C82B65ABF1D3EFF7D91BF28 /* AskHearthIntent.swift */,
				FE3F54443400BD54DD98CF88 /* HearthShortcutsProvider.swift */,
				EDB65F51015E640BC7FB01B1 /* IntentInferenceHelper.swift */,
				29FE3C51741B039227B6DE50 /* LocalModelEntity.swift */,
				F188207F9C44341F0DC70E52 /* RewriteTextIntent.swift */,
				9392A7DF7A43402CED188B49 /* SummarizeTextIntent.swift */,
				3D6DEA772E16322B603B8309 /* TranslateTextIntent.swift */,
			);
			path = AppIntents;
			sourceTree = "<group>";
		};
		93B74142C21F5E61F2E41DDB /* App */ = {
			isa = PBXGroup;
			children = (
				397BD3F6A93E6069059BBBBF /* AppState.swift */,
				405D1CA44865EBE10F089668 /* ContentView.swift */,
				E903921FAA09285C7EC06626 /* HearthAIApp.swift */,
			);
			path = App;
			sourceTree = "<group>";
		};
		BBB4EC1A06C27584DE85088E /* Resources */ = {
			isa = PBXGroup;
			children = (
				1EA4C3783A128CC1C2D30817 /* Assets.xcassets */,
				7FA5D99754391A1FBEBEECBE /* FeaturedModels.json */,
			);
			path = Resources;
			sourceTree = "<group>";
		};
		BD03A9FA57357877BF3848E4 /* HearthAI */ = {
			isa = PBXGroup;
			children = (
				4C92F5072BD6A923F4414F66 /* HearthAI.entitlements */,
				E84851650701F5B0FCE0EE06 /* Info.plist */,
				93B74142C21F5E61F2E41DDB /* App */,
				F040554CB49C2C50B9B4155B /* Features */,
				E0F9F0FB521AD243B4C216D4 /* Models */,
				E3E1FA50533CCB90D4EF5558 /* Preview Content */,
				BBB4EC1A06C27584DE85088E /* Resources */,
				2615F59D3B7C69AFD409EC88 /* Services */,
				682AD48FE2067003DD70B389 /* Shared */,
			);
			path = HearthAI;
			sourceTree = "<group>";
		};
		BD0D88C3A48EB0925D6E693B /* SharedProcessing */ = {
			isa = PBXGroup;
			children = (
				BE7974F4AB6E5FD1F7020ACC /* SharedRequestHandler.swift */,
				E997B6BE59E4E66F8A2A619B /* SharedRequestView.swift */,
			);
			path = SharedProcessing;
			sourceTree = "<group>";
		};
		C3CEF0A248931D5C41290483 /* ModelStore */ = {
			isa = PBXGroup;
			children = (
				C845EBC43D03C4AAB4C3E312 /* FeaturedModelDetailView.swift */,
				31D180D8E597FDFD2F857CFD /* ModelDetailView.swift */,
				315875C2BEE8F04B1653AEA1 /* ModelStoreView.swift */,
				23FA0F0505A852036347ADD6 /* ModelStoreViewModel.swift */,
			);
			path = ModelStore;
			sourceTree = "<group>";
		};
		C8270D864B0F5758AF99BE99 /* Packages */ = {
			isa = PBXGroup;
			children = (
				4D21045F4D81AD9F0E6874C6 /* LlamaCpp */,
			);
			path = Packages;
			sourceTree = "<group>";
		};
		E0F9F0FB521AD243B4C216D4 /* Models */ = {
			isa = PBXGroup;
			children = (
				5E60EC72A2F0D58CA567D91D /* Conversation.swift */,
				8EA9A17825EBCC47C4EE3D09 /* Document.swift */,
				D7F08D71E4F9007C80ACDFD4 /* DocumentChunk.swift */,
				CE68C23BD50C2CE6816C8530 /* LocalModel.swift */,
				C27B28A89EB7B5A93FBC1784 /* Memory.swift */,
				005D99CFD00EACE9FC742BC6 /* Message.swift */,
			);
			path = Models;
			sourceTree = "<group>";
		};
		E3E1FA50533CCB90D4EF5558 /* Preview Content */ = {
			isa = PBXGroup;
			children = (
				1E25E2D8EA8D4E4C2937D929 /* PreviewData.swift */,
			);
			path = "Preview Content";
			sourceTree = "<group>";
		};
		EEA5A2DF79DCB4D5C8DDB37B /* Components */ = {
			isa = PBXGroup;
			children = (
			);
			path = Components;
			sourceTree = "<group>";
		};
		F040554CB49C2C50B9B4155B /* Features */ = {
			isa = PBXGroup;
			children = (
				85B7E1C543C7C6B9F0A76450 /* AppIntents */,
				31B438CE7A75F716E8F1F209 /* Chat */,
				1289453E93772036A32CB4B5 /* Documents */,
				17BC82A6EC84F776D1F486C6 /* Library */,
				33CCAC9D2E5F31E5537A8904 /* Memory */,
				C3CEF0A248931D5C41290483 /* ModelStore */,
				74345F7F3A5700DF2291083B /* Settings */,
				BD0D88C3A48EB0925D6E693B /* SharedProcessing */,
			);
			path = Features;
			sourceTree = "<group>";
		};
/* End PBXGroup section */

/* Begin PBXNativeTarget section */
		45992FD008C054DABF552FDB /* HearthAI */ = {
			isa = PBXNativeTarget;
			buildConfigurationList = B9F006878DBBD4B8960E7C14 /* Build configuration list for PBXNativeTarget "HearthAI" */;
			buildPhases = (
				A1AC34853E39A2E91FD7332E /* Sources */,
				EF74A6023E4DB82E27018080 /* Resources */,
				2D72A49A0638AC7D942AA221 /* Frameworks */,
				B162EEF01B2EBF285CC7D271 /* Embed Foundation Extensions */,
			);
			buildRules = (
			);
			dependencies = (
				D33A29819D694BFC3456C728 /* PBXTargetDependency */,
			);
			name = HearthAI;
			packageProductDependencies = (
				245B624756E2589153690CEC /* LlamaCpp */,
			);
			productName = HearthAI;
			productReference = 5D1D6195ED7695130A8D335C /* HearthAI.app */;
			productType = "com.apple.product-type.application";
		};
		CA86BD510EA5C3E0E637CA79 /* HearthAITests */ = {
			isa = PBXNativeTarget;
			buildConfigurationList = 4FF65D2BA615CF6AA1F0CB44 /* Build configuration list for PBXNativeTarget "HearthAITests" */;
			buildPhases = (
				B3271435C3579A9D5EE1ABDF /* Sources */,
			);
			buildRules = (
			);
			dependencies = (
				68968BB58DCB0AB0697C6416 /* PBXTargetDependency */,
			);
			name = HearthAITests;
			packageProductDependencies = (
			);
			productName = HearthAITests;
			productReference = 3308EA296BE9611CEE76B736 /* HearthAITests.xctest */;
			productType = "com.apple.product-type.bundle.unit-test";
		};
		D0B9BCFF62EBC45BDE0236F8 /* HearthAIShareExtension */ = {
			isa = PBXNativeTarget;
			buildConfigurationList = 82C02D36DC89F7939C32C9FE /* Build configuration list for PBXNativeTarget "HearthAIShareExtension" */;
			buildPhases = (
				AF45124811A5D3B86A83EE95 /* Sources */,
			);
			buildRules = (
			);
			dependencies = (
			);
			name = HearthAIShareExtension;
			packageProductDependencies = (
			);
			productName = HearthAIShareExtension;
			productReference = 05AEAAA0F63913A403034097 /* HearthAIShareExtension.appex */;
			productType = "com.apple.product-type.app-extension";
		};
/* End PBXNativeTarget section */

/* Begin PBXProject section */
		FC1F341632279B630DF70468 /* Project object */ = {
			isa = PBXProject;
			attributes = {
				BuildIndependentTargetsInParallel = YES;
				LastUpgradeCheck = 1630;
				TargetAttributes = {
					45992FD008C054DABF552FDB = {
						DevelopmentTeam = "";
					};
					CA86BD510EA5C3E0E637CA79 = {
						DevelopmentTeam = "";
					};
					D0B9BCFF62EBC45BDE0236F8 = {
						DevelopmentTeam = "";
					};
				};
			};
			buildConfigurationList = 861E5719ACB3F16CEDF5BD99 /* Build configuration list for PBXProject "HearthAI" */;
			compatibilityVersion = "Xcode 14.0";
			developmentRegion = en;
			hasScannedForEncodings = 0;
			knownRegions = (
				Base,
				en,
			);
			mainGroup = 75334D74F2BE4DC0AAB1E510;
			minimizedProjectReferenceProxies = 1;
			packageReferences = (
				F70D78B872FDA453C8F0DA48 /* XCLocalSwiftPackageReference "Packages/LlamaCpp" */,
			);
			preferredProjectObjectVersion = 77;
			projectDirPath = "";
			projectRoot = "";
			targets = (
				45992FD008C054DABF552FDB /* HearthAI */,
				D0B9BCFF62EBC45BDE0236F8 /* HearthAIShareExtension */,
				CA86BD510EA5C3E0E637CA79 /* HearthAITests */,
			);
		};
/* End PBXProject section */

/* Begin PBXResourcesBuildPhase section */
		EF74A6023E4DB82E27018080 /* Resources */ = {
			isa = PBXResourcesBuildPhase;
			buildActionMask = 2147483647;
			files = (
				A6E9B6197D48DAC4014311FB /* Assets.xcassets in Resources */,
				277EC11BB99B21DB654150CC /* FeaturedModels.json in Resources */,
			);
			runOnlyForDeploymentPostprocessing = 0;
		};
/* End PBXResourcesBuildPhase section */

/* Begin PBXSourcesBuildPhase section */
		A1AC34853E39A2E91FD7332E /* Sources */ = {
			isa = PBXSourcesBuildPhase;
			buildActionMask = 2147483647;
			files = (
				622062D7C8B261390A04FBA9 /* AppGroupConstants.swift in Sources */,
				C7F2A3D0417981686B4E3052 /* AppState.swift in Sources */,
				F25378990BEE3F1FCACD6897 /* AskHearthIntent.swift in Sources */,
				113B66D2FA42EE2D775C50EF /* ChatSettingsSheet.swift in Sources */,
				03A3AF701474977398790AA6 /* ChatView.swift in Sources */,
				F09B9F855596430552F5A8FE /* ChatViewModel.swift in Sources */,
				72A3D422293A97DA1D59BBE0 /* ChunkSelectorService.swift in Sources */,
				F1A7D42C5A0E220569D7EB2B /* ChunkingService.swift in Sources */,
				8747ADDE6914933ED42C70A5 /* Constants.swift in Sources */,
				17C2529672146A86D835ACAB /* ContentView.swift in Sources */,
				7651BC5F24C30D0D44C48067 /* Conversation.swift in Sources */,
				C23EDD8253AC5BFB0D8D060A /* ConversationListView.swift in Sources */,
				CBB8F9486DF5B9A8F6F350A7 /* DeviceCapability.swift in Sources */,
				20678580AC3CF4F960C0EF6C /* Document.swift in Sources */,
				8B1AC9BF9971F0C7BF7BBB9E /* DocumentChunk.swift in Sources */,
				14E94DB37B49BAED67DCEAA7 /* DocumentDetailView.swift in Sources */,
				E6C9FE639A22FB4521592256 /* DocumentImportViewModel.swift in Sources */,
				4155E70AF69B2FC128572BEE /* DocumentPickerSheet.swift in Sources */,
				6B2EF1314D0BBFCCBB7D062F /* DocumentsView.swift in Sources */,
				FF28A34B4C8D7ACEBC31AEBA /* DownloadService.swift in Sources */,
				94D339C97159BD1FE1910F02 /* DownloadState.swift in Sources */,
				155F299FF7740D656A56B321 /* FeaturedModel.swift in Sources */,
				A63768214BABE2B98203900A /* FeaturedModelDetailView.swift in Sources */,
				F1AD3F2C8048B14FC787BF4D /* FileManager+AppSupport.swift in Sources */,
				2E72E749941AF06D4AE14798 /* HFModelInfo.swift in Sources */,
				988A1466A3BB010F3686F065 /* HearthAIApp.swift in Sources */,
				E2C2286EA5EE4654FEDBAB13 /* HearthShortcutsProvider.swift in Sources */,
				8A78CB0370790965C3B33F2D /* HuggingFaceAPI.swift in Sources */,
				78CA7BCF236B2498F77B7031 /* InferenceConfiguration.swift in Sources */,
				F6D7E75B6E97C47D01634F4B /* InferenceService.swift in Sources */,
				2F42A8BBB24DA42161180453 /* IntentInferenceHelper.swift in Sources */,
				B978D5031CC9F31BB9590F6B /* LibraryView.swift in Sources */,
				0BE4B41958A063A6C03F361B /* LocalModel.swift in Sources */,
				FBCDD5E2C9BE19B4CC6637CD /* LocalModelEntity.swift in Sources */,
				F1240C78CDDD04082769B9BE /* Memory.swift in Sources */,
				071C4FF7811BDB62483DDD23 /* MemoryEditSheet.swift in Sources */,
				34DE6529D88B5B3652F10D74 /* MemoryRow.swift in Sources */,
				17EBD3FB2F95D63E76A21C3F /* MemorySelectorService.swift in Sources */,
				F4BA58A56B53AC4EECD46AE7 /* MemoryView.swift in Sources */,
				3ECF7975DBD75B903E5EB857 /* Message.swift in Sources */,
				73CE4807A74F2AD7AC5B03A0 /* MessageBubble.swift in Sources */,
				CDB4579A512B12F942C6E768 /* ModelDetailView.swift in Sources */,
				A8F8386F0CC30F0FDEB0FA60 /* ModelPickerSheet.swift in Sources */,
				80B7CA2CFD0017FD15878CE4 /* ModelStoreView.swift in Sources */,
				08254E655C4E1BF9388FCC6A /* ModelStoreViewModel.swift in Sources */,
				34D96B95583163C41CC83B2D /* PreviewData.swift in Sources */,
				EF385FE0755585B7C27D956B /* RewriteTextIntent.swift in Sources */,
				01C5AA9BD6F4C0823A324194 /* SettingsView.swift in Sources */,
				BC87F36961BE0BED3EAA6D7C /* SharedInferenceRequest.swift in Sources */,
				13BCF566B384257B26B019B3 /* SharedModelInfo.swift in Sources */,
				E54D3B77567891D761E4A4F1 /* SharedModelSync.swift in Sources */,
				639A044C1753FF1410811004 /* SharedRequestHandler.swift in Sources */,
				EDCB9DFEFD505357908BDAE4 /* SharedRequestView.swift in Sources */,
				B2AF8B80B10D5264076FAD20 /* SummarizeTextIntent.swift in Sources */,
				ACC1BA53A960391E7964E7A6 /* TextExtractorService.swift in Sources */,
				3EC1B05C4AAF3F0C5AC05A30 /* ThermalMonitor.swift in Sources */,
				3EAFF404AA53A5508DD02E35 /* TranslateTextIntent.swift in Sources */,
			);
			runOnlyForDeploymentPostprocessing = 0;
		};
		AF45124811A5D3B86A83EE95 /* Sources */ = {
			isa = PBXSourcesBuildPhase;
			buildActionMask = 2147483647;
			files = (
				9EDD96041CECAA3AA994992D /* AppGroupConstants.swift in Sources */,
				2C907C7396B9C17E1E17B1D7 /* ShareView.swift in Sources */,
				2DD66AD82F61D4C10754D647 /* ShareViewController.swift in Sources */,
				6B996D420BF5178D6ABC0AAF /* SharedInferenceRequest.swift in Sources */,
				C8F1F74159FBEA232A3ADA84 /* SharedModelInfo.swift in Sources */,
			);
			runOnlyForDeploymentPostprocessing = 0;
		};
		B3271435C3579A9D5EE1ABDF /* Sources */ = {
			isa = PBXSourcesBuildPhase;
			buildActionMask = 2147483647;
			files = (
				04A7C29DA16524A6206C4CE6 /* ChatViewModelPersistenceTests.swift in Sources */,
				C1864805E1FA7225AEF232C6 /* ChunkSelectorServiceTests.swift in Sources */,
				CD0AD408F006860CB7F0C3E9 /* ChunkingServiceTests.swift in Sources */,
				9DBDB26696C27EDB37990992 /* DeviceCapabilityEdgeTests.swift in Sources */,
				E8354755DBAA1A2A0F044B65 /* DocumentModelTests.swift in Sources */,
				DFE0909D9533627F1E418FED /* DownloadServiceTests.swift in Sources */,
				FDF5740963252281A3030A24 /* HearthAITests.swift in Sources */,
				8A5B36588755EFFB4BEA89EF /* HuggingFaceTests.swift in Sources */,
				7280A7DA56145162F0020879 /* MemoryModelTests.swift in Sources */,
				43E8C3AD80BD3EB342DA7AC1 /* MemorySelectorServiceTests.swift in Sources */,
				79EE522BA45829CEC1AC73EB /* SharedTypesTests.swift in Sources */,
				910A8C1FFD6C00FCB79D6E0D /* SwiftDataCascadeTests.swift in Sources */,
				CE92A1FB39AD10CF859706C5 /* TestModelContainer.swift in Sources */,
			);
			runOnlyForDeploymentPostprocessing = 0;
		};
/* End PBXSourcesBuildPhase section */

/* Begin PBXTargetDependency section */
		68968BB58DCB0AB0697C6416 /* PBXTargetDependency */ = {
			isa = PBXTargetDependency;
			target = 45992FD008C054DABF552FDB /* HearthAI */;
			targetProxy = 3ABE45C04DCD360A17E63D19 /* PBXContainerItemProxy */;
		};
		D33A29819D694BFC3456C728 /* PBXTargetDependency */ = {
			isa = PBXTargetDependency;
			target = D0B9BCFF62EBC45BDE0236F8 /* HearthAIShareExtension */;
			targetProxy = EA5F795548328D7C427B7825 /* PBXContainerItemProxy */;
		};
/* End PBXTargetDependency section */

/* Begin XCBuildConfiguration section */
		018E62B4501325292FF4A7DD /* Debug */ = {
			isa = XCBuildConfiguration;
			buildSettings = {
				CODE_SIGN_ENTITLEMENTS = "HearthAI ShareExtension/HearthAIShareExtension.entitlements";
				CURRENT_PROJECT_VERSION = 1;
				GENERATE_INFOPLIST_FILE = YES;
				INFOPLIST_FILE = "HearthAI ShareExtension/Info.plist";
				LD_RUNPATH_SEARCH_PATHS = (
					"$(inherited)",
					"@executable_path/Frameworks",
					"@executable_path/../../Frameworks",
				);
				MARKETING_VERSION = 1.0;
				PRODUCT_BUNDLE_IDENTIFIER = ai.hearth.HearthAI.ShareExtension;
				SDKROOT = auto;
				SKIP_INSTALL = YES;
				SUPPORTED_PLATFORMS = "iphoneos iphonesimulator xros xrsimulator macosx";
				SUPPORTS_MACCATALYST = NO;
				SUPPORTS_MAC_DESIGNED_FOR_IPHONE_IPAD = NO;
				SUPPORTS_XR_DESIGNED_FOR_IPHONE_IPAD = NO;
				TARGETED_DEVICE_FAMILY = "1,2,7";
			};
			name = Debug;
		};
		319DDEA9667A942081A051F8 /* Debug */ = {
			isa = XCBuildConfiguration;
			buildSettings = {
				ALWAYS_SEARCH_USER_PATHS = NO;
				CLANG_ANALYZER_NONNULL = YES;
				CLANG_ANALYZER_NUMBER_OBJECT_CONVERSION = YES_AGGRESSIVE;
				CLANG_CXX_LANGUAGE_STANDARD = "gnu++14";
				CLANG_CXX_LIBRARY = "libc++";
				CLANG_ENABLE_MODULES = YES;
				CLANG_ENABLE_OBJC_ARC = YES;
				CLANG_ENABLE_OBJC_WEAK = YES;
				CLANG_WARN_BLOCK_CAPTURE_AUTORELEASING = YES;
				CLANG_WARN_BOOL_CONVERSION = YES;
				CLANG_WARN_COMMA = YES;
				CLANG_WARN_CONSTANT_CONVERSION = YES;
				CLANG_WARN_DEPRECATED_OBJC_IMPLEMENTATIONS = YES;
				CLANG_WARN_DIRECT_OBJC_ISA_USAGE = YES_ERROR;
				CLANG_WARN_DOCUMENTATION_COMMENTS = YES;
				CLANG_WARN_EMPTY_BODY = YES;
				CLANG_WARN_ENUM_CONVERSION = YES;
				CLANG_WARN_INFINITE_RECURSION = YES;
				CLANG_WARN_INT_CONVERSION = YES;
				CLANG_WARN_NON_LITERAL_NULL_CONVERSION = YES;
				CLANG_WARN_OBJC_IMPLICIT_RETAIN_SELF = YES;
				CLANG_WARN_OBJC_LITERAL_CONVERSION = YES;
				CLANG_WARN_OBJC_ROOT_CLASS = YES_ERROR;
				CLANG_WARN_QUOTED_INCLUDE_IN_FRAMEWORK_HEADER = YES;
				CLANG_WARN_RANGE_LOOP_ANALYSIS = YES;
				CLANG_WARN_STRICT_PROTOTYPES = YES;
				CLANG_WARN_SUSPICIOUS_MOVE = YES;
				CLANG_WARN_UNGUARDED_AVAILABILITY = YES_AGGRESSIVE;
				CLANG_WARN_UNREACHABLE_CODE = YES;
				CLANG_WARN__DUPLICATE_METHOD_MATCH = YES;
				COPY_PHASE_STRIP = NO;
				DEBUG_INFORMATION_FORMAT = dwarf;
				DEVELOPMENT_TEAM = "";
				ENABLE_STRICT_OBJC_MSGSEND = YES;
				ENABLE_TESTABILITY = YES;
				"EXCLUDED_ARCHS[sdk=iphonesimulator*]" = x86_64;
				GCC_C_LANGUAGE_STANDARD = gnu11;
				GCC_DYNAMIC_NO_PIC = NO;
				GCC_NO_COMMON_BLOCKS = YES;
				GCC_OPTIMIZATION_LEVEL = 0;
				GCC_PREPROCESSOR_DEFINITIONS = (
					"$(inherited)",
					"DEBUG=1",
				);
				GCC_WARN_64_TO_32_BIT_CONVERSION = YES;
				GCC_WARN_ABOUT_RETURN_TYPE = YES_ERROR;
				GCC_WARN_UNDECLARED_SELECTOR = YES;
				GCC_WARN_UNINITIALIZED_AUTOS = YES_AGGRESSIVE;
				GCC_WARN_UNUSED_FUNCTION = YES;
				GCC_WARN_UNUSED_VARIABLE = YES;
				IPHONEOS_DEPLOYMENT_TARGET = 17.0;
				MACOSX_DEPLOYMENT_TARGET = 14.0;
				MTL_ENABLE_DEBUG_INFO = INCLUDE_SOURCE;
				MTL_FAST_MATH = YES;
				ONLY_ACTIVE_ARCH = YES;
				PRODUCT_NAME = "$(TARGET_NAME)";
				SDKROOT = auto;
				SUPPORTS_MACCATALYST = NO;
				SWIFT_ACTIVE_COMPILATION_CONDITIONS = DEBUG;
				SWIFT_OPTIMIZATION_LEVEL = "-Onone";
				SWIFT_VERSION = 5.9;
				XROS_DEPLOYMENT_TARGET = 1.0;
			};
			name = Debug;
		};
		57D4BC01060A676CE8A5000E /* Debug */ = {
			isa = XCBuildConfiguration;
			buildSettings = {
				BUNDLE_LOADER = "$(TEST_HOST)";
				"BUNDLE_LOADER[sdk=macosx*]" = "$(BUILT_PRODUCTS_DIR)/HearthAI.app/Contents/MacOS/HearthAI";
				GENERATE_INFOPLIST_FILE = YES;
				LD_RUNPATH_SEARCH_PATHS = (
					"$(inherited)",
					"@executable_path/Frameworks",
					"@loader_path/Frameworks",
				);
				PRODUCT_BUNDLE_IDENTIFIER = ai.hearth.HearthAITests;
				SDKROOT = auto;
				SUPPORTED_PLATFORMS = "iphoneos iphonesimulator xros xrsimulator macosx";
				SUPPORTS_MACCATALYST = NO;
				SUPPORTS_MAC_DESIGNED_FOR_IPHONE_IPAD = NO;
				SUPPORTS_XR_DESIGNED_FOR_IPHONE_IPAD = NO;
				TARGETED_DEVICE_FAMILY = "1,2,7";
				TEST_HOST = "$(BUILT_PRODUCTS_DIR)/HearthAI.app/HearthAI";
				"TEST_HOST[sdk=macosx*]" = "$(BUILT_PRODUCTS_DIR)/HearthAI.app/Contents/MacOS/HearthAI";
			};
			name = Debug;
		};
		59999A2F3A86A4222C0598AE /* Release */ = {
			isa = XCBuildConfiguration;
			buildSettings = {
				ALWAYS_SEARCH_USER_PATHS = NO;
				CLANG_ANALYZER_NONNULL = YES;
				CLANG_ANALYZER_NUMBER_OBJECT_CONVERSION = YES_AGGRESSIVE;
				CLANG_CXX_LANGUAGE_STANDARD = "gnu++14";
				CLANG_CXX_LIBRARY = "libc++";
				CLANG_ENABLE_MODULES = YES;
				CLANG_ENABLE_OBJC_ARC = YES;
				CLANG_ENABLE_OBJC_WEAK = YES;
				CLANG_WARN_BLOCK_CAPTURE_AUTORELEASING = YES;
				CLANG_WARN_BOOL_CONVERSION = YES;
				CLANG_WARN_COMMA = YES;
				CLANG_WARN_CONSTANT_CONVERSION = YES;
				CLANG_WARN_DEPRECATED_OBJC_IMPLEMENTATIONS = YES;
				CLANG_WARN_DIRECT_OBJC_ISA_USAGE = YES_ERROR;
				CLANG_WARN_DOCUMENTATION_COMMENTS = YES;
				CLANG_WARN_EMPTY_BODY = YES;
				CLANG_WARN_ENUM_CONVERSION = YES;
				CLANG_WARN_INFINITE_RECURSION = YES;
				CLANG_WARN_INT_CONVERSION = YES;
				CLANG_WARN_NON_LITERAL_NULL_CONVERSION = YES;
				CLANG_WARN_OBJC_IMPLICIT_RETAIN_SELF = YES;
				CLANG_WARN_OBJC_LITERAL_CONVERSION = YES;
				CLANG_WARN_OBJC_ROOT_CLASS = YES_ERROR;
				CLANG_WARN_QUOTED_INCLUDE_IN_FRAMEWORK_HEADER = YES;
				CLANG_WARN_RANGE_LOOP_ANALYSIS = YES;
				CLANG_WARN_STRICT_PROTOTYPES = YES;
				CLANG_WARN_SUSPICIOUS_MOVE = YES;
				CLANG_WARN_UNGUARDED_AVAILABILITY = YES_AGGRESSIVE;
				CLANG_WARN_UNREACHABLE_CODE = YES;
				CLANG_WARN__DUPLICATE_METHOD_MATCH = YES;
				COPY_PHASE_STRIP = NO;
				DEBUG_INFORMATION_FORMAT = "dwarf-with-dsym";
				DEVELOPMENT_TEAM = "";
				ENABLE_NS_ASSERTIONS = NO;
				ENABLE_STRICT_OBJC_MSGSEND = YES;
				"EXCLUDED_ARCHS[sdk=iphonesimulator*]" = x86_64;
				GCC_C_LANGUAGE_STANDARD = gnu11;
				GCC_NO_COMMON_BLOCKS = YES;
				GCC_WARN_64_TO_32_BIT_CONVERSION = YES;
				GCC_WARN_ABOUT_RETURN_TYPE = YES_ERROR;
				GCC_WARN_UNDECLARED_SELECTOR = YES;
				GCC_WARN_UNINITIALIZED_AUTOS = YES_AGGRESSIVE;
				GCC_WARN_UNUSED_FUNCTION = YES;
				GCC_WARN_UNUSED_VARIABLE = YES;
				IPHONEOS_DEPLOYMENT_TARGET = 17.0;
				MACOSX_DEPLOYMENT_TARGET = 14.0;
				MTL_ENABLE_DEBUG_INFO = NO;
				MTL_FAST_MATH = YES;
				PRODUCT_NAME = "$(TARGET_NAME)";
				SDKROOT = auto;
				SUPPORTS_MACCATALYST = NO;
				SWIFT_COMPILATION_MODE = wholemodule;
				SWIFT_OPTIMIZATION_LEVEL = "-O";
				SWIFT_VERSION = 5.9;
				XROS_DEPLOYMENT_TARGET = 1.0;
			};
			name = Release;
		};
		CF5CECE23685EF800E938C12 /* Release */ = {
			isa = XCBuildConfiguration;
			buildSettings = {
				CODE_SIGN_ENTITLEMENTS = "HearthAI ShareExtension/HearthAIShareExtension.entitlements";
				CURRENT_PROJECT_VERSION = 1;
				GENERATE_INFOPLIST_FILE = YES;
				INFOPLIST_FILE = "HearthAI ShareExtension/Info.plist";
				LD_RUNPATH_SEARCH_PATHS = (
					"$(inherited)",
					"@executable_path/Frameworks",
					"@executable_path/../../Frameworks",
				);
				MARKETING_VERSION = 1.0;
				PRODUCT_BUNDLE_IDENTIFIER = ai.hearth.HearthAI.ShareExtension;
				SDKROOT = auto;
				SKIP_INSTALL = YES;
				SUPPORTED_PLATFORMS = "iphoneos iphonesimulator xros xrsimulator macosx";
				SUPPORTS_MACCATALYST = NO;
				SUPPORTS_MAC_DESIGNED_FOR_IPHONE_IPAD = NO;
				SUPPORTS_XR_DESIGNED_FOR_IPHONE_IPAD = NO;
				TARGETED_DEVICE_FAMILY = "1,2,7";
			};
			name = Release;
		};
		DE4B532BFCFB3D5DF884AC5F /* Release */ = {
			isa = XCBuildConfiguration;
			buildSettings = {
				ASSETCATALOG_COMPILER_APPICON_NAME = AppIcon;
				ASSETCATALOG_COMPILER_GLOBAL_ACCENT_COLOR_NAME = AccentColor;
				CODE_SIGN_ENTITLEMENTS = HearthAI/HearthAI.entitlements;
				CODE_SIGN_IDENTITY = "iPhone Developer";
				CURRENT_PROJECT_VERSION = 1;
				ENABLE_PREVIEWS = YES;
				GENERATE_INFOPLIST_FILE = YES;
				INFOPLIST_FILE = HearthAI/Info.plist;
				INFOPLIST_KEY_CFBundleDisplayName = "Hearth AI";
				INFOPLIST_KEY_UIApplicationSceneManifest_Generation = YES;
				INFOPLIST_KEY_UIApplicationSupportsIndirectInputEvents = YES;
				INFOPLIST_KEY_UILaunchScreen_Generation = YES;
				INFOPLIST_KEY_UISupportedInterfaceOrientations_iPhone = UIInterfaceOrientationPortrait;
				LD_RUNPATH_SEARCH_PATHS = (
					"$(inherited)",
					"@executable_path/Frameworks",
				);
				MARKETING_VERSION = 1.0;
				PRODUCT_BUNDLE_IDENTIFIER = ai.hearth.HearthAI;
				SDKROOT = auto;
				SUPPORTED_PLATFORMS = "iphoneos iphonesimulator xros xrsimulator macosx";
				SUPPORTS_MACCATALYST = NO;
				SUPPORTS_MAC_DESIGNED_FOR_IPHONE_IPAD = NO;
				SUPPORTS_XR_DESIGNED_FOR_IPHONE_IPAD = NO;
				SWIFT_EMIT_LOC_STRINGS = YES;
				TARGETED_DEVICE_FAMILY = "1,2,7";
			};
			name = Release;
		};
		F4643871B9D6B1F66A07071F /* Debug */ = {
			isa = XCBuildConfiguration;
			buildSettings = {
				ASSETCATALOG_COMPILER_APPICON_NAME = AppIcon;
				ASSETCATALOG_COMPILER_GLOBAL_ACCENT_COLOR_NAME = AccentColor;
				CODE_SIGN_ENTITLEMENTS = HearthAI/HearthAI.entitlements;
				CODE_SIGN_IDENTITY = "iPhone Developer";
				CURRENT_PROJECT_VERSION = 1;
				ENABLE_PREVIEWS = YES;
				GENERATE_INFOPLIST_FILE = YES;
				INFOPLIST_FILE = HearthAI/Info.plist;
				INFOPLIST_KEY_CFBundleDisplayName = "Hearth AI";
				INFOPLIST_KEY_UIApplicationSceneManifest_Generation = YES;
				INFOPLIST_KEY_UIApplicationSupportsIndirectInputEvents = YES;
				INFOPLIST_KEY_UILaunchScreen_Generation = YES;
				INFOPLIST_KEY_UISupportedInterfaceOrientations_iPhone = UIInterfaceOrientationPortrait;
				LD_RUNPATH_SEARCH_PATHS = (
					"$(inherited)",
					"@executable_path/Frameworks",
				);
				MARKETING_VERSION = 1.0;
				PRODUCT_BUNDLE_IDENTIFIER = ai.hearth.HearthAI;
				SDKROOT = auto;
				SUPPORTED_PLATFORMS = "iphoneos iphonesimulator xros xrsimulator macosx";
				SUPPORTS_MACCATALYST = NO;
				SUPPORTS_MAC_DESIGNED_FOR_IPHONE_IPAD = NO;
				SUPPORTS_XR_DESIGNED_FOR_IPHONE_IPAD = NO;
				SWIFT_EMIT_LOC_STRINGS = YES;
				TARGETED_DEVICE_FAMILY = "1,2,7";
			};
			name = Debug;
		};
		F84EC9E6CC14F7E483A47678 /* Release */ = {
			isa = XCBuildConfiguration;
			buildSettings = {
				BUNDLE_LOADER = "$(TEST_HOST)";
				"BUNDLE_LOADER[sdk=macosx*]" = "$(BUILT_PRODUCTS_DIR)/HearthAI.app/Contents/MacOS/HearthAI";
				GENERATE_INFOPLIST_FILE = YES;
				LD_RUNPATH_SEARCH_PATHS = (
					"$(inherited)",
					"@executable_path/Frameworks",
					"@loader_path/Frameworks",
				);
				PRODUCT_BUNDLE_IDENTIFIER = ai.hearth.HearthAITests;
				SDKROOT = auto;
				SUPPORTED_PLATFORMS = "iphoneos iphonesimulator xros xrsimulator macosx";
				SUPPORTS_MACCATALYST = NO;
				SUPPORTS_MAC_DESIGNED_FOR_IPHONE_IPAD = NO;
				SUPPORTS_XR_DESIGNED_FOR_IPHONE_IPAD = NO;
				TARGETED_DEVICE_FAMILY = "1,2,7";
				TEST_HOST = "$(BUILT_PRODUCTS_DIR)/HearthAI.app/HearthAI";
				"TEST_HOST[sdk=macosx*]" = "$(BUILT_PRODUCTS_DIR)/HearthAI.app/Contents/MacOS/HearthAI";
			};
			name = Release;
		};
/* End XCBuildConfiguration section */

/* Begin XCConfigurationList section */
		4FF65D2BA615CF6AA1F0CB44 /* Build configuration list for PBXNativeTarget "HearthAITests" */ = {
			isa = XCConfigurationList;
			buildConfigurations = (
				57D4BC01060A676CE8A5000E /* Debug */,
				F84EC9E6CC14F7E483A47678 /* Release */,
			);
			defaultConfigurationIsVisible = 0;
			defaultConfigurationName = Debug;
		};
		82C02D36DC89F7939C32C9FE /* Build configuration list for PBXNativeTarget "HearthAIShareExtension" */ = {
			isa = XCConfigurationList;
			buildConfigurations = (
				018E62B4501325292FF4A7DD /* Debug */,
				CF5CECE23685EF800E938C12 /* Release */,
			);
			defaultConfigurationIsVisible = 0;
			defaultConfigurationName = Debug;
		};
		861E5719ACB3F16CEDF5BD99 /* Build configuration list for PBXProject "HearthAI" */ = {
			isa = XCConfigurationList;
			buildConfigurations = (
				319DDEA9667A942081A051F8 /* Debug */,
				59999A2F3A86A4222C0598AE /* Release */,
			);
			defaultConfigurationIsVisible = 0;
			defaultConfigurationName = Debug;
		};
		B9F006878DBBD4B8960E7C14 /* Build configuration list for PBXNativeTarget "HearthAI" */ = {
			isa = XCConfigurationList;
			buildConfigurations = (
				F4643871B9D6B1F66A07071F /* Debug */,
				DE4B532BFCFB3D5DF884AC5F /* Release */,
			);
			defaultConfigurationIsVisible = 0;
			defaultConfigurationName = Debug;
		};
/* End XCConfigurationList section */

/* Begin XCLocalSwiftPackageReference section */
		F70D78B872FDA453C8F0DA48 /* XCLocalSwiftPackageReference "Packages/LlamaCpp" */ = {
			isa = XCLocalSwiftPackageReference;
			relativePath = Packages/LlamaCpp;
		};
/* End XCLocalSwiftPackageReference section */

/* Begin XCSwiftPackageProductDependency section */
		245B624756E2589153690CEC /* LlamaCpp */ = {
			isa = XCSwiftPackageProductDependency;
			productName = LlamaCpp;
		};
/* End XCSwiftPackageProductDependency section */
	};
	rootObject = FC1F341632279B630DF70468 /* Project object */;
}
